
Microsoft Visual Studio Solution File, Format Version 12.00
# Visual Studio Version 17
VisualStudioVersion = 17.11.35303.130
MinimumVisualStudioVersion = 10.0.40219.1
Project("{9A19103F-16F7-4668-BE54-9A1E7A4F7556}") = "Ecommerce", "Ecommerce\Ecommerce.csproj", "{F3F08608-15C5-4061-9FED-CB8E9F9937BD}"
EndProject
Global
	GlobalSection(SolutionConfigurationPlatforms) = preSolution
		Debug|Any CPU = Debug|Any CPU
		Release|Any CPU = Release|Any CPU
	EndGlobalSection
	GlobalSection(ProjectConfigurationPlatforms) = postSolution
		{F3F08608-15C5-4061-9FED-CB8E9F9937BD}.Debug|Any CPU.ActiveCfg = Debug|Any CPU
		{F3F08608-15C5-4061-9FED-CB8E9F9937BD}.Debug|Any CPU.Build.0 = Debug|Any CPU
		{F3F08608-15C5-4061-9FED-CB8E9F9937BD}.Release|Any CPU.ActiveCfg = Release|Any CPU
		{F3F08608-15C5-4061-9FED-CB8E9F9937BD}.Release|Any CPU.Build.0 = Release|Any CPU
	EndGlobalSection
	GlobalSection(SolutionProperties) = preSolution
		HideSolutionNode = FALSE
	EndGlobalSection
	GlobalSection(ExtensibilityGlobals) = postSolution
		SolutionGuid = {DF8D1DDC-701E-45D8-BF25-A3CABF4254C8}
	EndGlobalSection
EndGlobal
